
Microsoft Visual Studio Solution File, Format Version 12.00
# Visual Studio Version 17
VisualStudioVersion = 17.0.31903.59
MinimumVisualStudioVersion = 10.0.40219.1
Project("{FAE04EC0-301F-11D3-BF4B-00C04F79EFBC}") = "WebGISApp", "WebGISApp\WebGISApp.csproj", "{72954159-60B8-42B0-ABB4-CAEEF4ACAFB4}"
EndProject
Project("{FAE04EC0-301F-11D3-BF4B-00C04F79EFBC}") = "WebGISApp.Tests", "WebGISApp.Tests\WebGISApp.Tests.csproj", "{CC72CCBA-CC7D-4468-9AB3-9FB350C8AFA2}"
EndProject
Global
	GlobalSection(SolutionConfigurationPlatforms) = preSolution
		Debug|Any CPU = Debug|Any CPU
		Release|Any CPU = Release|Any CPU
	EndGlobalSection
	GlobalSection(ProjectConfigurationPlatforms) = postSolution
		{72954159-60B8-42B0-ABB4-CAEEF4ACAFB4}.Debug|Any CPU.ActiveCfg = Debug|Any CPU
		{72954159-60B8-42B0-ABB4-CAEEF4ACAFB4}.Debug|Any CPU.Build.0 = Debug|Any CPU
		{72954159-60B8-42B0-ABB4-CAEEF4ACAFB4}.Release|Any CPU.ActiveCfg = Release|Any CPU
		{72954159-60B8-42B0-ABB4-CAEEF4ACAFB4}.Release|Any CPU.Build.0 = Release|Any CPU
		{CC72CCBA-CC7D-4468-9AB3-9FB350C8AFA2}.Debug|Any CPU.ActiveCfg = Debug|Any CPU
		{CC72CCBA-CC7D-4468-9AB3-9FB350C8AFA2}.Debug|Any CPU.Build.0 = Debug|Any CPU
		{CC72CCBA-CC7D-4468-9AB3-9FB350C8AFA2}.Release|Any CPU.ActiveCfg = Release|Any CPU
		{CC72CCBA-CC7D-4468-9AB3-9FB350C8AFA2}.Release|Any CPU.Build.0 = Release|Any CPU
	EndGlobalSection
	GlobalSection(SolutionProperties) = preSolution
		HideSolutionNode = FALSE
	EndGlobalSection
	GlobalSection(ExtensibilityGlobals) = postSolution
		SolutionGuid = {1E9DCAAC-EEB9-4406-B521-2569BE29E20F}
	EndGlobalSection
EndGlobal
